
Microsoft Visual Studio Solution File, Format Version 12.00
# Visual Studio Version 17
VisualStudioVersion = 17.0.32112.339
MinimumVisualStudioVersion = 10.0.40219.1
Project("{FAE04EC0-301F-11D3-BF4B-00C04F79EFBC}") = "WebEnterprise", "WebEnterprise\WebEnterprise.csproj", "{8A3A1ECA-C5F9-41AD-806B-F152E625D019}"
EndProject
Global
	GlobalSection(SolutionConfigurationPlatforms) = preSolution
		Debug|Any CPU = Debug|Any CPU
		Release|Any CPU = Release|Any CPU
	EndGlobalSection
	GlobalSection(ProjectConfigurationPlatforms) = postSolution
		{8A3A1ECA-C5F9-41AD-806B-F152E625D019}.Debug|Any CPU.ActiveCfg = Debug|Any CPU
		{8A3A1ECA-C5F9-41AD-806B-F152E625D019}.Debug|Any CPU.Build.0 = Debug|Any CPU
		{8A3A1ECA-C5F9-41AD-806B-F152E625D019}.Release|Any CPU.ActiveCfg = Release|Any CPU
		{8A3A1ECA-C5F9-41AD-806B-F152E625D019}.Release|Any CPU.Build.0 = Release|Any CPU
	EndGlobalSection
	GlobalSection(SolutionProperties) = preSolution
		HideSolutionNode = FALSE
	EndGlobalSection
	GlobalSection(ExtensibilityGlobals) = postSolution
		SolutionGuid = {877696DF-05E0-409F-ADB4-E340AECC71FB}
	EndGlobalSection
EndGlobal
